
Microsoft Visual Studio Solution File, Format Version 12.00
# Visual Studio Version 16
VisualStudioVersion = 16.0.30204.135
MinimumVisualStudioVersion = 10.0.40219.1
Project("{9A19103F-16F7-4668-BE54-9A1E7A4F7556}") = "Videoteka.WebAPI", "Videoteka.WebAPI\Videoteka.WebAPI.csproj", "{1F9CA7EF-E8BB-4C76-A018-09BA470EF921}"
EndProject
Project("{9A19103F-16F7-4668-BE54-9A1E7A4F7556}") = "Videoteka.Model", "Videoteka.Model\Videoteka.Model.csproj", "{504A41EC-AAAC-478D-9A35-7796639648DE}"
EndProject
Project("{2150E333-8FDC-42A3-9474-1A3956D46DE8}") = "UI", "UI", "{968CB010-CA2D-48C9-A04D-FBC80F7556CE}"
EndProject
Project("{FAE04EC0-301F-11D3-BF4B-00C04F79EFBC}") = "Videoteka.WinUI", "Videoteka.WinUI\Videoteka.WinUI.csproj", "{9F9029CB-5AC0-4BD3-86B7-E83A37D3C050}"
EndProject
Project("{2150E333-8FDC-42A3-9474-1A3956D46DE8}") = "Videoteka.Mobile", "Videoteka.Mobile", "{D37F3C0C-FFDD-444E-B1A6-F169E704E635}"
EndProject
Project("{FAE04EC0-301F-11D3-BF4B-00C04F79EFBC}") = "Videoteka.MobileApp.UWP", "Videoteka.MobileApp\Videoteka.MobileApp.UWP\Videoteka.MobileApp.UWP.csproj", "{0A235672-AF6F-4766-99AF-8F20B97DE142}"
EndProject
Project("{FAE04EC0-301F-11D3-BF4B-00C04F79EFBC}") = "Videoteka.MobileApp.Android", "Videoteka.MobileApp\Videoteka.MobileApp.Android\Videoteka.MobileApp.Android.csproj", "{67593520-F810-49C7-843E-67E2BD74F32B}"
EndProject
Project("{FAE04EC0-301F-11D3-BF4B-00C04F79EFBC}") = "Videoteka.MobileApp.iOS", "Videoteka.MobileApp\Videoteka.MobileApp.iOS\Videoteka.MobileApp.iOS.csproj", "{991DFAA1-BB12-4E73-AE31-75823CD9CAA2}"
EndProject
Project("{FAE04EC0-301F-11D3-BF4B-00C04F79EFBC}") = "Videoteka.MobileApp", "Videoteka.MobileApp\Videoteka.MobileApp\Videoteka.MobileApp.csproj", "{D69EB5C3-8033-448F-BB43-7E9AF686D7FF}"
EndProject
Global
	GlobalSection(SolutionConfigurationPlatforms) = preSolution
		Debug|Any CPU = Debug|Any CPU
		Debug|ARM = Debug|ARM
		Debug|iPhone = Debug|iPhone
		Debug|iPhoneSimulator = Debug|iPhoneSimulator
		Debug|x64 = Debug|x64
		Debug|x86 = Debug|x86
		Release|Any CPU = Release|Any CPU
		Release|ARM = Release|ARM
		Release|iPhone = Release|iPhone
		Release|iPhoneSimulator = Release|iPhoneSimulator
		Release|x64 = Release|x64
		Release|x86 = Release|x86
	EndGlobalSection
	GlobalSection(ProjectConfigurationPlatforms) = postSolution
		{1F9CA7EF-E8BB-4C76-A018-09BA470EF921}.Debug|Any CPU.ActiveCfg = Debug|Any CPU
		{1F9CA7EF-E8BB-4C76-A018-09BA470EF921}.Debug|Any CPU.Build.0 = Debug|Any CPU
		{1F9CA7EF-E8BB-4C76-A018-09BA470EF921}.Debug|ARM.ActiveCfg = Debug|Any CPU
		{1F9CA7EF-E8BB-4C76-A018-09BA470EF921}.Debug|ARM.Build.0 = Debug|Any CPU
		{1F9CA7EF-E8BB-4C76-A018-09BA470EF921}.Debug|iPhone.ActiveCfg = Debug|Any CPU
		{1F9CA7EF-E8BB-4C76-A018-09BA470EF921}.Debug|iPhone.Build.0 = Debug|Any CPU
		{1F9CA7EF-E8BB-4C76-A018-09BA470EF921}.Debug|iPhoneSimulator.ActiveCfg = Debug|Any CPU
		{1F9CA7EF-E8BB-4C76-A018-09BA470EF921}.Debug|iPhoneSimulator.Build.0 = Debug|Any CPU
		{1F9CA7EF-E8BB-4C76-A018-09BA470EF921}.Debug|x64.ActiveCfg = Debug|Any CPU
		{1F9CA7EF-E8BB-4C76-A018-09BA470EF921}.Debug|x64.Build.0 = Debug|Any CPU
		{1F9CA7EF-E8BB-4C76-A018-09BA470EF921}.Debug|x86.ActiveCfg = Debug|Any CPU
		{1F9CA7EF-E8BB-4C76-A018-09BA470EF921}.Debug|x86.Build.0 = Debug|Any CPU
		{1F9CA7EF-E8BB-4C76-A018-09BA470EF921}.Release|Any CPU.ActiveCfg = Release|Any CPU
		{1F9CA7EF-E8BB-4C76-A018-09BA470EF921}.Release|Any CPU.Build.0 = Release|Any CPU
		{1F9CA7EF-E8BB-4C76-A018-09BA470EF921}.Release|ARM.ActiveCfg = Release|Any CPU
		{1F9CA7EF-E8BB-4C76-A018-09BA470EF921}.Release|ARM.Build.0 = Release|Any CPU
		{1F9CA7EF-E8BB-4C76-A018-09BA470EF921}.Release|iPhone.ActiveCfg = Release|Any CPU
		{1F9CA7EF-E8BB-4C76-A018-09BA470EF921}.Release|iPhone.Build.0 = Release|Any CPU
		{1F9CA7EF-E8BB-4C76-A018-09BA470EF921}.Release|iPhoneSimulator.ActiveCfg = Release|Any CPU
		{1F9CA7EF-E8BB-4C76-A018-09BA470EF921}.Release|iPhoneSimulator.Build.0 = Release|Any CPU
		{1F9CA7EF-E8BB-4C76-A018-09BA470EF921}.Release|x64.ActiveCfg = Release|Any CPU
		{1F9CA7EF-E8BB-4C76-A018-09BA470EF921}.Release|x64.Build.0 = Release|Any CPU
		{1F9CA7EF-E8BB-4C76-A018-09BA470EF921}.Release|x86.ActiveCfg = Release|Any CPU
		{1F9CA7EF-E8BB-4C76-A018-09BA470EF921}.Release|x86.Build.0 = Release|Any CPU
		{504A41EC-AAAC-478D-9A35-7796639648DE}.Debug|Any CPU.ActiveCfg = Debug|Any CPU
		{504A41EC-AAAC-478D-9A35-7796639648DE}.Debug|Any CPU.Build.0 = Debug|Any CPU
		{504A41EC-AAAC-478D-9A35-7796639648DE}.Debug|ARM.ActiveCfg = Debug|Any CPU
		{504A41EC-AAAC-478D-9A35-7796639648DE}.Debug|ARM.Build.0 = Debug|Any CPU
		{504A41EC-AAAC-478D-9A35-7796639648DE}.Debug|iPhone.ActiveCfg = Debug|Any CPU
		{504A41EC-AAAC-478D-9A35-7796639648DE}.Debug|iPhone.Build.0 = Debug|Any CPU
		{504A41EC-AAAC-478D-9A35-7796639648DE}.Debug|iPhoneSimulator.ActiveCfg = Debug|Any CPU
		{504A41EC-AAAC-478D-9A35-7796639648DE}.Debug|iPhoneSimulator.Build.0 = Debug|Any CPU
		{504A41EC-AAAC-478D-9A35-7796639648DE}.Debug|x64.ActiveCfg = Debug|Any CPU
		{504A41EC-AAAC-478D-9A35-7796639648DE}.Debug|x64.Build.0 = Debug|Any CPU
		{504A41EC-AAAC-478D-9A35-7796639648DE}.Debug|x86.ActiveCfg = Debug|Any CPU
		{504A41EC-AAAC-478D-9A35-7796639648DE}.Debug|x86.Build.0 = Debug|Any CPU
		{504A41EC-AAAC-478D-9A35-7796639648DE}.Release|Any CPU.ActiveCfg = Release|Any CPU
		{504A41EC-AAAC-478D-9A35-7796639648DE}.Release|Any CPU.Build.0 = Release|Any CPU
		{504A41EC-AAAC-478D-9A35-7796639648DE}.Release|ARM.ActiveCfg = Release|Any CPU
		{504A41EC-AAAC-478D-9A35-7796639648DE}.Release|ARM.Build.0 = Release|Any CPU
		{504A41EC-AAAC-478D-9A35-7796639648DE}.Release|iPhone.ActiveCfg = Release|Any CPU
		{504A41EC-AAAC-478D-9A35-7796639648DE}.Release|iPhone.Build.0 = Release|Any CPU
		{504A41EC-AAAC-478D-9A35-7796639648DE}.Release|iPhoneSimulator.ActiveCfg = Release|Any CPU
		{504A41EC-AAAC-478D-9A35-7796639648DE}.Release|iPhoneSimulator.Build.0 = Release|Any CPU
		{504A41EC-AAAC-478D-9A35-7796639648DE}.Release|x64.ActiveCfg = Release|Any CPU
		{504A41EC-AAAC-478D-9A35-7796639648DE}.Release|x64.Build.0 = Release|Any CPU
		{504A41EC-AAAC-478D-9A35-7796639648DE}.Release|x86.ActiveCfg = Release|Any CPU
		{504A41EC-AAAC-478D-9A35-7796639648DE}.Release|x86.Build.0 = Release|Any CPU
		{9F9029CB-5AC0-4BD3-86B7-E83A37D3C050}.Debug|Any CPU.ActiveCfg = Debug|Any CPU
		{9F9029CB-5AC0-4BD3-86B7-E83A37D3C050}.Debug|Any CPU.Build.0 = Debug|Any CPU
		{9F9029CB-5AC0-4BD3-86B7-E83A37D3C050}.Debug|ARM.ActiveCfg = Debug|Any CPU
		{9F9029CB-5AC0-4BD3-86B7-E83A37D3C050}.Debug|ARM.Build.0 = Debug|Any CPU
		{9F9029CB-5AC0-4BD3-86B7-E83A37D3C050}.Debug|iPhone.ActiveCfg = Debug|Any CPU
		{9F9029CB-5AC0-4BD3-86B7-E83A37D3C050}.Debug|iPhone.Build.0 = Debug|Any CPU
		{9F9029CB-5AC0-4BD3-86B7-E83A37D3C050}.Debug|iPhoneSimulator.ActiveCfg = Debug|Any CPU
		{9F9029CB-5AC0-4BD3-86B7-E83A37D3C050}.Debug|iPhoneSimulator.Build.0 = Debug|Any CPU
		{9F9029CB-5AC0-4BD3-86B7-E83A37D3C050}.Debug|x64.ActiveCfg = Debug|Any CPU
		{9F9029CB-5AC0-4BD3-86B7-E83A37D3C050}.Debug|x64.Build.0 = Debug|Any CPU
		{9F9029CB-5AC0-4BD3-86B7-E83A37D3C050}.Debug|x86.ActiveCfg = Debug|Any CPU
		{9F9029CB-5AC0-4BD3-86B7-E83A37D3C050}.Debug|x86.Build.0 = Debug|Any CPU
		{9F9029CB-5AC0-4BD3-86B7-E83A37D3C050}.Release|Any CPU.ActiveCfg = Release|Any CPU
		{9F9029CB-5AC0-4BD3-86B7-E83A37D3C050}.Release|Any CPU.Build.0 = Release|Any CPU
		{9F9029CB-5AC0-4BD3-86B7-E83A37D3C050}.Release|ARM.ActiveCfg = Release|Any CPU
		{9F9029CB-5AC0-4BD3-86B7-E83A37D3C050}.Release|ARM.Build.0 = Release|Any CPU
		{9F9029CB-5AC0-4BD3-86B7-E83A37D3C050}.Release|iPhone.ActiveCfg = Release|Any CPU
		{9F9029CB-5AC0-4BD3-86B7-E83A37D3C050}.Release|iPhone.Build.0 = Release|Any CPU
		{9F9029CB-5AC0-4BD3-86B7-E83A37D3C050}.Release|iPhoneSimulator.ActiveCfg = Release|Any CPU
		{9F9029CB-5AC0-4BD3-86B7-E83A37D3C050}.Release|iPhoneSimulator.Build.0 = Release|Any CPU
		{9F9029CB-5AC0-4BD3-86B7-E83A37D3C050}.Release|x64.ActiveCfg = Release|Any CPU
		{9F9029CB-5AC0-4BD3-86B7-E83A37D3C050}.Release|x64.Build.0 = Release|Any CPU
		{9F9029CB-5AC0-4BD3-86B7-E83A37D3C050}.Release|x86.ActiveCfg = Release|Any CPU
		{9F9029CB-5AC0-4BD3-86B7-E83A37D3C050}.Release|x86.Build.0 = Release|Any CPU
		{0A235672-AF6F-4766-99AF-8F20B97DE142}.Debug|Any CPU.ActiveCfg = Debug|x86
		{0A235672-AF6F-4766-99AF-8F20B97DE142}.Debug|ARM.ActiveCfg = Debug|ARM
		{0A235672-AF6F-4766-99AF-8F20B97DE142}.Debug|ARM.Build.0 = Debug|ARM
		{0A235672-AF6F-4766-99AF-8F20B97DE142}.Debug|ARM.Deploy.0 = Debug|ARM
		{0A235672-AF6F-4766-99AF-8F20B97DE142}.Debug|iPhone.ActiveCfg = Debug|x86
		{0A235672-AF6F-4766-99AF-8F20B97DE142}.Debug|iPhoneSimulator.ActiveCfg = Debug|x86
		{0A235672-AF6F-4766-99AF-8F20B97DE142}.Debug|x64.ActiveCfg = Debug|x64
		{0A235672-AF6F-4766-99AF-8F20B97DE142}.Debug|x64.Build.0 = Debug|x64
		{0A235672-AF6F-4766-99AF-8F20B97DE142}.Debug|x64.Deploy.0 = Debug|x64
		{0A235672-AF6F-4766-99AF-8F20B97DE142}.Debug|x86.ActiveCfg = Debug|x86
		{0A235672-AF6F-4766-99AF-8F20B97DE142}.Debug|x86.Build.0 = Debug|x86
		{0A235672-AF6F-4766-99AF-8F20B97DE142}.Debug|x86.Deploy.0 = Debug|x86
		{0A235672-AF6F-4766-99AF-8F20B97DE142}.Release|Any CPU.ActiveCfg = Release|x86
		{0A235672-AF6F-4766-99AF-8F20B97DE142}.Release|ARM.ActiveCfg = Release|ARM
		{0A235672-AF6F-4766-99AF-8F20B97DE142}.Release|ARM.Build.0 = Release|ARM
		{0A235672-AF6F-4766-99AF-8F20B97DE142}.Release|ARM.Deploy.0 = Release|ARM
		{0A235672-AF6F-4766-99AF-8F20B97DE142}.Release|iPhone.ActiveCfg = Release|x86
		{0A235672-AF6F-4766-99AF-8F20B97DE142}.Release|iPhoneSimulator.ActiveCfg = Release|x86
		{0A235672-AF6F-4766-99AF-8F20B97DE142}.Release|x64.ActiveCfg = Release|x64
		{0A235672-AF6F-4766-99AF-8F20B97DE142}.Release|x64.Build.0 = Release|x64
		{0A235672-AF6F-4766-99AF-8F20B97DE142}.Release|x64.Deploy.0 = Release|x64
		{0A235672-AF6F-4766-99AF-8F20B97DE142}.Release|x86.ActiveCfg = Release|x86
		{0A235672-AF6F-4766-99AF-8F20B97DE142}.Release|x86.Build.0 = Release|x86
		{0A235672-AF6F-4766-99AF-8F20B97DE142}.Release|x86.Deploy.0 = Release|x86
		{67593520-F810-49C7-843E-67E2BD74F32B}.Debug|Any CPU.ActiveCfg = Debug|Any CPU
		{67593520-F810-49C7-843E-67E2BD74F32B}.Debug|Any CPU.Build.0 = Debug|Any CPU
		{67593520-F810-49C7-843E-67E2BD74F32B}.Debug|Any CPU.Deploy.0 = Debug|Any CPU
		{67593520-F810-49C7-843E-67E2BD74F32B}.Debug|ARM.ActiveCfg = Debug|Any CPU
		{67593520-F810-49C7-843E-67E2BD74F32B}.Debug|ARM.Build.0 = Debug|Any CPU
		{67593520-F810-49C7-843E-67E2BD74F32B}.Debug|ARM.Deploy.0 = Debug|Any CPU
		{67593520-F810-49C7-843E-67E2BD74F32B}.Debug|iPhone.ActiveCfg = Debug|Any CPU
		{67593520-F810-49C7-843E-67E2BD74F32B}.Debug|iPhone.Build.0 = Debug|Any CPU
		{67593520-F810-49C7-843E-67E2BD74F32B}.Debug|iPhone.Deploy.0 = Debug|Any CPU
		{67593520-F810-49C7-843E-67E2BD74F32B}.Debug|iPhoneSimulator.ActiveCfg = Debug|Any CPU
		{67593520-F810-49C7-843E-67E2BD74F32B}.Debug|iPhoneSimulator.Build.0 = Debug|Any CPU
		{67593520-F810-49C7-843E-67E2BD74F32B}.Debug|iPhoneSimulator.Deploy.0 = Debug|Any CPU
		{67593520-F810-49C7-843E-67E2BD74F32B}.Debug|x64.ActiveCfg = Debug|Any CPU
		{67593520-F810-49C7-843E-67E2BD74F32B}.Debug|x64.Build.0 = Debug|Any CPU
		{67593520-F810-49C7-843E-67E2BD74F32B}.Debug|x64.Deploy.0 = Debug|Any CPU
		{67593520-F810-49C7-843E-67E2BD74F32B}.Debug|x86.ActiveCfg = Debug|Any CPU
		{67593520-F810-49C7-843E-67E2BD74F32B}.Debug|x86.Build.0 = Debug|Any CPU
		{67593520-F810-49C7-843E-67E2BD74F32B}.Debug|x86.Deploy.0 = Debug|Any CPU
		{67593520-F810-49C7-843E-67E2BD74F32B}.Release|Any CPU.ActiveCfg = Release|Any CPU
		{67593520-F810-49C7-843E-67E2BD74F32B}.Release|Any CPU.Build.0 = Release|Any CPU
		{67593520-F810-49C7-843E-67E2BD74F32B}.Release|Any CPU.Deploy.0 = Release|Any CPU
		{67593520-F810-49C7-843E-67E2BD74F32B}.Release|ARM.ActiveCfg = Release|Any CPU
		{67593520-F810-49C7-843E-67E2BD74F32B}.Release|ARM.Build.0 = Release|Any CPU
		{67593520-F810-49C7-843E-67E2BD74F32B}.Release|ARM.Deploy.0 = Release|Any CPU
		{67593520-F810-49C7-843E-67E2BD74F32B}.Release|iPhone.ActiveCfg = Release|Any CPU
		{67593520-F810-49C7-843E-67E2BD74F32B}.Release|iPhone.Build.0 = Release|Any CPU
		{67593520-F810-49C7-843E-67E2BD74F32B}.Release|iPhone.Deploy.0 = Release|Any CPU
		{67593520-F810-49C7-843E-67E2BD74F32B}.Release|iPhoneSimulator.ActiveCfg = Release|Any CPU
		{67593520-F810-49C7-843E-67E2BD74F32B}.Release|iPhoneSimulator.Build.0 = Release|Any CPU
		{67593520-F810-49C7-843E-67E2BD74F32B}.Release|iPhoneSimulator.Deploy.0 = Release|Any CPU
		{67593520-F810-49C7-843E-67E2BD74F32B}.Release|x64.ActiveCfg = Release|Any CPU
		{67593520-F810-49C7-843E-67E2BD74F32B}.Release|x64.Build.0 = Release|Any CPU
		{67593520-F810-49C7-843E-67E2BD74F32B}.Release|x64.Deploy.0 = Release|Any CPU
		{67593520-F810-49C7-843E-67E2BD74F32B}.Release|x86.ActiveCfg = Release|Any CPU
		{67593520-F810-49C7-843E-67E2BD74F32B}.Release|x86.Build.0 = Release|Any CPU
		{67593520-F810-49C7-843E-67E2BD74F32B}.Release|x86.Deploy.0 = Release|Any CPU
		{991DFAA1-BB12-4E73-AE31-75823CD9CAA2}.Debug|Any CPU.ActiveCfg = Debug|iPhone
		{991DFAA1-BB12-4E73-AE31-75823CD9CAA2}.Debug|ARM.ActiveCfg = Debug|iPhone
		{991DFAA1-BB12-4E73-AE31-75823CD9CAA2}.Debug|iPhone.ActiveCfg = Debug|iPhone
		{991DFAA1-BB12-4E73-AE31-75823CD9CAA2}.Debug|iPhone.Build.0 = Debug|iPhone
		{991DFAA1-BB12-4E73-AE31-75823CD9CAA2}.Debug|iPhoneSimulator.ActiveCfg = Debug|iPhoneSimulator
		{991DFAA1-BB12-4E73-AE31-75823CD9CAA2}.Debug|iPhoneSimulator.Build.0 = Debug|iPhoneSimulator
		{991DFAA1-BB12-4E73-AE31-75823CD9CAA2}.Debug|x64.ActiveCfg = Debug|iPhone
		{991DFAA1-BB12-4E73-AE31-75823CD9CAA2}.Debug|x86.ActiveCfg = Debug|iPhone
		{991DFAA1-BB12-4E73-AE31-75823CD9CAA2}.Release|Any CPU.ActiveCfg = Release|iPhone
		{991DFAA1-BB12-4E73-AE31-75823CD9CAA2}.Release|ARM.ActiveCfg = Release|iPhone
		{991DFAA1-BB12-4E73-AE31-75823CD9CAA2}.Release|iPhone.ActiveCfg = Release|iPhone
		{991DFAA1-BB12-4E73-AE31-75823CD9CAA2}.Release|iPhone.Build.0 = Release|iPhone
		{991DFAA1-BB12-4E73-AE31-75823CD9CAA2}.Release|iPhoneSimulator.ActiveCfg = Release|iPhoneSimulator
		{991DFAA1-BB12-4E73-AE31-75823CD9CAA2}.Release|iPhoneSimulator.Build.0 = Release|iPhoneSimulator
		{991DFAA1-BB12-4E73-AE31-75823CD9CAA2}.Release|x64.ActiveCfg = Release|iPhone
		{991DFAA1-BB12-4E73-AE31-75823CD9CAA2}.Release|x86.ActiveCfg = Release|iPhone
		{D69EB5C3-8033-448F-BB43-7E9AF686D7FF}.Debug|Any CPU.ActiveCfg = Debug|Any CPU
		{D69EB5C3-8033-448F-BB43-7E9AF686D7FF}.Debug|Any CPU.Build.0 = Debug|Any CPU
		{D69EB5C3-8033-448F-BB43-7E9AF686D7FF}.Debug|ARM.ActiveCfg = Debug|Any CPU
		{D69EB5C3-8033-448F-BB43-7E9AF686D7FF}.Debug|ARM.Build.0 = Debug|Any CPU
		{D69EB5C3-8033-448F-BB43-7E9AF686D7FF}.Debug|iPhone.ActiveCfg = Debug|Any CPU
		{D69EB5C3-8033-448F-BB43-7E9AF686D7FF}.Debug|iPhone.Build.0 = Debug|Any CPU
		{D69EB5C3-8033-448F-BB43-7E9AF686D7FF}.Debug|iPhoneSimulator.ActiveCfg = Debug|Any CPU
		{D69EB5C3-8033-448F-BB43-7E9AF686D7FF}.Debug|iPhoneSimulator.Build.0 = Debug|Any CPU
		{D69EB5C3-8033-448F-BB43-7E9AF686D7FF}.Debug|x64.ActiveCfg = Debug|Any CPU
		{D69EB5C3-8033-448F-BB43-7E9AF686D7FF}.Debug|x64.Build.0 = Debug|Any CPU
		{D69EB5C3-8033-448F-BB43-7E9AF686D7FF}.Debug|x86.ActiveCfg = Debug|Any CPU
		{D69EB5C3-8033-448F-BB43-7E9AF686D7FF}.Debug|x86.Build.0 = Debug|Any CPU
		{D69EB5C3-8033-448F-BB43-7E9AF686D7FF}.Release|Any CPU.ActiveCfg = Release|Any CPU
		{D69EB5C3-8033-448F-BB43-7E9AF686D7FF}.Release|Any CPU.Build.0 = Release|Any CPU
		{D69EB5C3-8033-448F-BB43-7E9AF686D7FF}.Release|ARM.ActiveCfg = Release|Any CPU
		{D69EB5C3-8033-448F-BB43-7E9AF686D7FF}.Release|ARM.Build.0 = Release|Any CPU
		{D69EB5C3-8033-448F-BB43-7E9AF686D7FF}.Release|iPhone.ActiveCfg = Release|Any CPU
		{D69EB5C3-8033-448F-BB43-7E9AF686D7FF}.Release|iPhone.Build.0 = Release|Any CPU
		{D69EB5C3-8033-448F-BB43-7E9AF686D7FF}.Release|iPhoneSimulator.ActiveCfg = Release|Any CPU
		{D69EB5C3-8033-448F-BB43-7E9AF686D7FF}.Release|iPhoneSimulator.Build.0 = Release|Any CPU
		{D69EB5C3-8033-448F-BB43-7E9AF686D7FF}.Release|x64.ActiveCfg = Release|Any CPU
		{D69EB5C3-8033-448F-BB43-7E9AF686D7FF}.Release|x64.Build.0 = Release|Any CPU
		{D69EB5C3-8033-448F-BB43-7E9AF686D7FF}.Release|x86.ActiveCfg = Release|Any CPU
		{D69EB5C3-8033-448F-BB43-7E9AF686D7FF}.Release|x86.Build.0 = Release|Any CPU
	EndGlobalSection
	GlobalSection(SolutionProperties) = preSolution
		HideSolutionNode = FALSE
	EndGlobalSection
	GlobalSection(NestedProjects) = preSolution
		{9F9029CB-5AC0-4BD3-86B7-E83A37D3C050} = {968CB010-CA2D-48C9-A04D-FBC80F7556CE}
		{0A235672-AF6F-4766-99AF-8F20B97DE142} = {D37F3C0C-FFDD-444E-B1A6-F169E704E635}
		{67593520-F810-49C7-843E-67E2BD74F32B} = {D37F3C0C-FFDD-444E-B1A6-F169E704E635}
		{991DFAA1-BB12-4E73-AE31-75823CD9CAA2} = {D37F3C0C-FFDD-444E-B1A6-F169E704E635}
		{D69EB5C3-8033-448F-BB43-7E9AF686D7FF} = {D37F3C0C-FFDD-444E-B1A6-F169E704E635}
	EndGlobalSection
	GlobalSection(ExtensibilityGlobals) = postSolution
		SolutionGuid = {12EA6BD2-2585-437C-A157-64F432408682}
	EndGlobalSection
EndGlobal
